
Microsoft Visual Studio Solution File, Format Version 12.00
# Visual Studio Version 16
VisualStudioVersion = 16.0.29209.62
MinimumVisualStudioVersion = 10.0.40219.1
Project("{FAE04EC0-301F-11D3-BF4B-00C04F79EFBC}") = "Raw.Streaming.Webhook", "StreamWebhookHub\Raw.Streaming.Webhook.csproj", "{7AB11F1C-2E1D-441A-AA6C-26978ABA02CB}"
EndProject
Global
	GlobalSection(SolutionConfigurationPlatforms) = preSolution
		Debug|Any CPU = Debug|Any CPU
		Release|Any CPU = Release|Any CPU
	EndGlobalSection
	GlobalSection(ProjectConfigurationPlatforms) = postSolution
		{7AB11F1C-2E1D-441A-AA6C-26978ABA02CB}.Debug|Any CPU.ActiveCfg = Debug|Any CPU
		{7AB11F1C-2E1D-441A-AA6C-26978ABA02CB}.Debug|Any CPU.Build.0 = Debug|Any CPU
		{7AB11F1C-2E1D-441A-AA6C-26978ABA02CB}.Release|Any CPU.ActiveCfg = Release|Any CPU
		{7AB11F1C-2E1D-441A-AA6C-26978ABA02CB}.Release|Any CPU.Build.0 = Release|Any CPU
	EndGlobalSection
	GlobalSection(SolutionProperties) = preSolution
		HideSolutionNode = FALSE
	EndGlobalSection
	GlobalSection(ExtensibilityGlobals) = postSolution
		SolutionGuid = {654A69C6-AFCB-4711-9849-93E22A5569DB}
	EndGlobalSection
EndGlobal
